
Microsoft Visual Studio Solution File, Format Version 12.00
# Visual Studio Version 16
VisualStudioVersion = 16.0.35706.149
MinimumVisualStudioVersion = 10.0.40219.1
Project("{FAE04EC0-301F-11D3-BF4B-00C04F79EFBC}") = "FUNewsManagementSystem.WebAPI", "FUNewsManagementSystem.WebAPI\FUNewsManagementSystem.WebAPI.csproj", "{B84EA5CA-52A4-4241-8471-EC2FFE15594C}"
EndProject
Global
	GlobalSection(SolutionConfigurationPlatforms) = preSolution
		Debug|Any CPU = Debug|Any CPU
		Release|Any CPU = Release|Any CPU
	EndGlobalSection
	GlobalSection(ProjectConfigurationPlatforms) = postSolution
		{B84EA5CA-52A4-4241-8471-EC2FFE15594C}.Debug|Any CPU.ActiveCfg = Debug|Any CPU
		{B84EA5CA-52A4-4241-8471-EC2FFE15594C}.Debug|Any CPU.Build.0 = Debug|Any CPU
		{B84EA5CA-52A4-4241-8471-EC2FFE15594C}.Release|Any CPU.ActiveCfg = Release|Any CPU
		{B84EA5CA-52A4-4241-8471-EC2FFE15594C}.Release|Any CPU.Build.0 = Release|Any CPU
	EndGlobalSection
	GlobalSection(SolutionProperties) = preSolution
		HideSolutionNode = FALSE
	EndGlobalSection
	GlobalSection(ExtensibilityGlobals) = postSolution
		SolutionGuid = {CD1F0DB8-FCF7-4738-9E65-A7A77D6146C1}
	EndGlobalSection
EndGlobal
